{
    "_readme": [
        "This file locks the dependencies of your project to a known state",
        "Read more about it at https://getcomposer.org/doc/01-basic-usage.md#installing-dependencies",
        "This file is @generated automatically"
    ],
    "content-hash": "0a36bf10e8c5c56b67c27b534a0d9e8e",
    "packages": [
        {
            "name": "milo/github-api",
            "version": "v1.4.6",
            "source": {
                "type": "git",
                "url": "https://github.com/milo/github-api.git",
                "reference": "f1a6a86f6e1b493b86994392eec8e985d1f969a2"
            },
            "dist": {
                "type": "zip",
                "url": "https://api.github.com/repos/milo/github-api/zipball/f1a6a86f6e1b493b86994392eec8e985d1f969a2",
                "reference": "f1a6a86f6e1b493b86994392eec8e985d1f969a2",
                "shasum": ""
            },
            "require": {
                "php": ">=5.4.0"
            },
            "require-dev": {
                "nette/tester": "~1.7.0"
            },
            "suggest": {
                "ext-curl": "Allows you to use Http\\CurlClient"
            },
            "type": "library",
            "autoload": {
                "classmap": [
                    "src/Github/"
                ]
            },
            "notification-url": "https://packagist.org/downloads/",
            "license": [
                "MIT"
            ],
            "authors": [
                {
                    "name": "Miloslav Hůla",
                    "email": "miloslav.hula@gmail.com",
                    "homepage": "https://github.com/milo"
                }
            ],
            "description": "Github API easy access",
            "time": "2018-12-11T11:41:00+00:00"
        },
        {
            "name": "php-amqplib/php-amqplib",
            "version": "v2.9.1",
            "source": {
                "type": "git",
                "url": "https://github.com/php-amqplib/php-amqplib.git",
                "reference": "bde215e0b62d361d8316e8c2c1f1a0ffd71deab6"
            },
            "dist": {
                "type": "zip",
                "url": "https://api.github.com/repos/php-amqplib/php-amqplib/zipball/bde215e0b62d361d8316e8c2c1f1a0ffd71deab6",
                "reference": "bde215e0b62d361d8316e8c2c1f1a0ffd71deab6",
                "shasum": ""
            },
            "require": {
                "ext-bcmath": "*",
                "ext-sockets": "*",
                "php": ">=5.4.0"
            },
            "replace": {
                "videlalvaro/php-amqplib": "self.version"
            },
            "require-dev": {
                "ext-curl": "*",
                "nategood/httpful": "^0.2.20",
                "phpdocumentor/phpdocumentor": "^2.9",
                "phpunit/phpunit": "^4.8",
                "squizlabs/php_codesniffer": "^2.5"
            },
            "type": "library",
            "extra": {
                "branch-alias": {
                    "dev-master": "2.8-dev"
                }
            },
            "autoload": {
                "psr-4": {
                    "PhpAmqpLib\\": "PhpAmqpLib/"
                }
            },
            "notification-url": "https://packagist.org/downloads/",
            "license": [
                "LGPL-2.1-or-later"
            ],
            "authors": [
                {
                    "name": "Alvaro Videla",
                    "role": "Original Maintainer"
                },
                {
                    "name": "John Kelly",
                    "email": "johnmkelly86@gmail.com",
                    "role": "Maintainer"
                },
                {
                    "name": "Raúl Araya",
                    "email": "nubeiro@gmail.com",
                    "role": "Maintainer"
                },
                {
                    "name": "Luke Bakken",
                    "email": "luke@bakken.io",
                    "role": "Maintainer"
                }
            ],
            "description": "Formerly videlalvaro/php-amqplib.  This library is a pure PHP implementation of the AMQP protocol. It's been tested against RabbitMQ.",
            "homepage": "https://github.com/php-amqplib/php-amqplib/",
            "keywords": [
                "message",
                "queue",
                "rabbitmq"
            ],
            "time": "2019-03-26T18:25:18+00:00"
        }
    ],
    "packages-dev": [],
    "aliases": [],
    "minimum-stability": "stable",
    "stability-flags": [],
    "prefer-stable": false,
    "prefer-lowest": false,
    "platform": [],
    "platform-dev": []
}
